
Microsoft Visual Studio Solution File, Format Version 12.00
# Visual Studio Version 16
VisualStudioVersion = 16.0.29911.84
MinimumVisualStudioVersion = 10.0.40219.1
Project("{FAE04EC0-301F-11D3-BF4B-00C04F79EFBC}") = "Point.UWP", "Point\Point.UWP\Point.UWP.csproj", "{F07BD068-0EF7-42D5-8561-2202CE542BDC}"
EndProject
Project("{FAE04EC0-301F-11D3-BF4B-00C04F79EFBC}") = "Point.Android", "Point\Point.Android\Point.Android.csproj", "{E1F2BD15-82B0-4138-BABE-DE138845796D}"
EndProject
Project("{9A19103F-16F7-4668-BE54-9A1E7A4F7556}") = "Point", "Point\Point\Point.csproj", "{0983FE4F-DFBF-495B-BAB0-01D98B513316}"
EndProject
Project("{FAE04EC0-301F-11D3-BF4B-00C04F79EFBC}") = "Point.Unit", "Point.Unit\Point.Unit.csproj", "{D6221D94-D814-4F02-AAF4-46AD65E7BE9E}"
EndProject
Global
	GlobalSection(SolutionConfigurationPlatforms) = preSolution
		Debug|Any CPU = Debug|Any CPU
		Debug|ARM = Debug|ARM
		Debug|x64 = Debug|x64
		Debug|x86 = Debug|x86
		Release|Any CPU = Release|Any CPU
		Release|ARM = Release|ARM
		Release|x64 = Release|x64
		Release|x86 = Release|x86
	EndGlobalSection
	GlobalSection(ProjectConfigurationPlatforms) = postSolution
		{F07BD068-0EF7-42D5-8561-2202CE542BDC}.Debug|Any CPU.ActiveCfg = Debug|x86
		{F07BD068-0EF7-42D5-8561-2202CE542BDC}.Debug|Any CPU.Build.0 = Debug|x86
		{F07BD068-0EF7-42D5-8561-2202CE542BDC}.Debug|Any CPU.Deploy.0 = Debug|x86
		{F07BD068-0EF7-42D5-8561-2202CE542BDC}.Debug|ARM.ActiveCfg = Debug|ARM
		{F07BD068-0EF7-42D5-8561-2202CE542BDC}.Debug|ARM.Build.0 = Debug|ARM
		{F07BD068-0EF7-42D5-8561-2202CE542BDC}.Debug|ARM.Deploy.0 = Debug|ARM
		{F07BD068-0EF7-42D5-8561-2202CE542BDC}.Debug|x64.ActiveCfg = Debug|x64
		{F07BD068-0EF7-42D5-8561-2202CE542BDC}.Debug|x64.Build.0 = Debug|x64
		{F07BD068-0EF7-42D5-8561-2202CE542BDC}.Debug|x64.Deploy.0 = Debug|x64
		{F07BD068-0EF7-42D5-8561-2202CE542BDC}.Debug|x86.ActiveCfg = Debug|x86
		{F07BD068-0EF7-42D5-8561-2202CE542BDC}.Debug|x86.Build.0 = Debug|x86
		{F07BD068-0EF7-42D5-8561-2202CE542BDC}.Debug|x86.Deploy.0 = Debug|x86
		{F07BD068-0EF7-42D5-8561-2202CE542BDC}.Release|Any CPU.ActiveCfg = Release|x86
		{F07BD068-0EF7-42D5-8561-2202CE542BDC}.Release|Any CPU.Build.0 = Release|x86
		{F07BD068-0EF7-42D5-8561-2202CE542BDC}.Release|Any CPU.Deploy.0 = Release|x86
		{F07BD068-0EF7-42D5-8561-2202CE542BDC}.Release|ARM.ActiveCfg = Release|ARM
		{F07BD068-0EF7-42D5-8561-2202CE542BDC}.Release|ARM.Build.0 = Release|ARM
		{F07BD068-0EF7-42D5-8561-2202CE542BDC}.Release|ARM.Deploy.0 = Release|ARM
		{F07BD068-0EF7-42D5-8561-2202CE542BDC}.Release|x64.ActiveCfg = Release|x64
		{F07BD068-0EF7-42D5-8561-2202CE542BDC}.Release|x64.Build.0 = Release|x64
		{F07BD068-0EF7-42D5-8561-2202CE542BDC}.Release|x64.Deploy.0 = Release|x64
		{F07BD068-0EF7-42D5-8561-2202CE542BDC}.Release|x86.ActiveCfg = Release|x86
		{F07BD068-0EF7-42D5-8561-2202CE542BDC}.Release|x86.Build.0 = Release|x86
		{F07BD068-0EF7-42D5-8561-2202CE542BDC}.Release|x86.Deploy.0 = Release|x86
		{E1F2BD15-82B0-4138-BABE-DE138845796D}.Debug|Any CPU.ActiveCfg = Debug|Any CPU
		{E1F2BD15-82B0-4138-BABE-DE138845796D}.Debug|Any CPU.Build.0 = Debug|Any CPU
		{E1F2BD15-82B0-4138-BABE-DE138845796D}.Debug|Any CPU.Deploy.0 = Debug|Any CPU
		{E1F2BD15-82B0-4138-BABE-DE138845796D}.Debug|ARM.ActiveCfg = Debug|Any CPU
		{E1F2BD15-82B0-4138-BABE-DE138845796D}.Debug|ARM.Build.0 = Debug|Any CPU
		{E1F2BD15-82B0-4138-BABE-DE138845796D}.Debug|ARM.Deploy.0 = Debug|Any CPU
		{E1F2BD15-82B0-4138-BABE-DE138845796D}.Debug|x64.ActiveCfg = Debug|Any CPU
		{E1F2BD15-82B0-4138-BABE-DE138845796D}.Debug|x64.Build.0 = Debug|Any CPU
		{E1F2BD15-82B0-4138-BABE-DE138845796D}.Debug|x64.Deploy.0 = Debug|Any CPU
		{E1F2BD15-82B0-4138-BABE-DE138845796D}.Debug|x86.ActiveCfg = Debug|Any CPU
		{E1F2BD15-82B0-4138-BABE-DE138845796D}.Debug|x86.Build.0 = Debug|Any CPU
		{E1F2BD15-82B0-4138-BABE-DE138845796D}.Debug|x86.Deploy.0 = Debug|Any CPU
		{E1F2BD15-82B0-4138-BABE-DE138845796D}.Release|Any CPU.ActiveCfg = Release|Any CPU
		{E1F2BD15-82B0-4138-BABE-DE138845796D}.Release|Any CPU.Build.0 = Release|Any CPU
		{E1F2BD15-82B0-4138-BABE-DE138845796D}.Release|Any CPU.Deploy.0 = Release|Any CPU
		{E1F2BD15-82B0-4138-BABE-DE138845796D}.Release|ARM.ActiveCfg = Release|Any CPU
		{E1F2BD15-82B0-4138-BABE-DE138845796D}.Release|ARM.Build.0 = Release|Any CPU
		{E1F2BD15-82B0-4138-BABE-DE138845796D}.Release|ARM.Deploy.0 = Release|Any CPU
		{E1F2BD15-82B0-4138-BABE-DE138845796D}.Release|x64.ActiveCfg = Release|Any CPU
		{E1F2BD15-82B0-4138-BABE-DE138845796D}.Release|x64.Build.0 = Release|Any CPU
		{E1F2BD15-82B0-4138-BABE-DE138845796D}.Release|x64.Deploy.0 = Release|Any CPU
		{E1F2BD15-82B0-4138-BABE-DE138845796D}.Release|x86.ActiveCfg = Release|Any CPU
		{E1F2BD15-82B0-4138-BABE-DE138845796D}.Release|x86.Build.0 = Release|Any CPU
		{E1F2BD15-82B0-4138-BABE-DE138845796D}.Release|x86.Deploy.0 = Release|Any CPU
		{0983FE4F-DFBF-495B-BAB0-01D98B513316}.Debug|Any CPU.ActiveCfg = Debug|Any CPU
		{0983FE4F-DFBF-495B-BAB0-01D98B513316}.Debug|Any CPU.Build.0 = Debug|Any CPU
		{0983FE4F-DFBF-495B-BAB0-01D98B513316}.Debug|Any CPU.Deploy.0 = Debug|Any CPU
		{0983FE4F-DFBF-495B-BAB0-01D98B513316}.Debug|ARM.ActiveCfg = Debug|Any CPU
		{0983FE4F-DFBF-495B-BAB0-01D98B513316}.Debug|ARM.Build.0 = Debug|Any CPU
		{0983FE4F-DFBF-495B-BAB0-01D98B513316}.Debug|ARM.Deploy.0 = Debug|Any CPU
		{0983FE4F-DFBF-495B-BAB0-01D98B513316}.Debug|x64.ActiveCfg = Debug|Any CPU
		{0983FE4F-DFBF-495B-BAB0-01D98B513316}.Debug|x64.Build.0 = Debug|Any CPU
		{0983FE4F-DFBF-495B-BAB0-01D98B513316}.Debug|x64.Deploy.0 = Debug|Any CPU
		{0983FE4F-DFBF-495B-BAB0-01D98B513316}.Debug|x86.ActiveCfg = Debug|Any CPU
		{0983FE4F-DFBF-495B-BAB0-01D98B513316}.Debug|x86.Build.0 = Debug|Any CPU
		{0983FE4F-DFBF-495B-BAB0-01D98B513316}.Debug|x86.Deploy.0 = Debug|Any CPU
		{0983FE4F-DFBF-495B-BAB0-01D98B513316}.Release|Any CPU.ActiveCfg = Release|Any CPU
		{0983FE4F-DFBF-495B-BAB0-01D98B513316}.Release|Any CPU.Build.0 = Release|Any CPU
		{0983FE4F-DFBF-495B-BAB0-01D98B513316}.Release|Any CPU.Deploy.0 = Release|Any CPU
		{0983FE4F-DFBF-495B-BAB0-01D98B513316}.Release|ARM.ActiveCfg = Release|Any CPU
		{0983FE4F-DFBF-495B-BAB0-01D98B513316}.Release|ARM.Build.0 = Release|Any CPU
		{0983FE4F-DFBF-495B-BAB0-01D98B513316}.Release|ARM.Deploy.0 = Release|Any CPU
		{0983FE4F-DFBF-495B-BAB0-01D98B513316}.Release|x64.ActiveCfg = Release|Any CPU
		{0983FE4F-DFBF-495B-BAB0-01D98B513316}.Release|x64.Build.0 = Release|Any CPU
		{0983FE4F-DFBF-495B-BAB0-01D98B513316}.Release|x64.Deploy.0 = Release|Any CPU
		{0983FE4F-DFBF-495B-BAB0-01D98B513316}.Release|x86.ActiveCfg = Release|Any CPU
		{0983FE4F-DFBF-495B-BAB0-01D98B513316}.Release|x86.Build.0 = Release|Any CPU
		{0983FE4F-DFBF-495B-BAB0-01D98B513316}.Release|x86.Deploy.0 = Release|Any CPU
		{D6221D94-D814-4F02-AAF4-46AD65E7BE9E}.Debug|Any CPU.ActiveCfg = Debug|Any CPU
		{D6221D94-D814-4F02-AAF4-46AD65E7BE9E}.Debug|Any CPU.Build.0 = Debug|Any CPU
		{D6221D94-D814-4F02-AAF4-46AD65E7BE9E}.Debug|ARM.ActiveCfg = Debug|Any CPU
		{D6221D94-D814-4F02-AAF4-46AD65E7BE9E}.Debug|ARM.Build.0 = Debug|Any CPU
		{D6221D94-D814-4F02-AAF4-46AD65E7BE9E}.Debug|x64.ActiveCfg = Debug|Any CPU
		{D6221D94-D814-4F02-AAF4-46AD65E7BE9E}.Debug|x64.Build.0 = Debug|Any CPU
		{D6221D94-D814-4F02-AAF4-46AD65E7BE9E}.Debug|x86.ActiveCfg = Debug|Any CPU
		{D6221D94-D814-4F02-AAF4-46AD65E7BE9E}.Debug|x86.Build.0 = Debug|Any CPU
		{D6221D94-D814-4F02-AAF4-46AD65E7BE9E}.Release|Any CPU.ActiveCfg = Release|Any CPU
		{D6221D94-D814-4F02-AAF4-46AD65E7BE9E}.Release|Any CPU.Build.0 = Release|Any CPU
		{D6221D94-D814-4F02-AAF4-46AD65E7BE9E}.Release|ARM.ActiveCfg = Release|Any CPU
		{D6221D94-D814-4F02-AAF4-46AD65E7BE9E}.Release|ARM.Build.0 = Release|Any CPU
		{D6221D94-D814-4F02-AAF4-46AD65E7BE9E}.Release|x64.ActiveCfg = Release|Any CPU
		{D6221D94-D814-4F02-AAF4-46AD65E7BE9E}.Release|x64.Build.0 = Release|Any CPU
		{D6221D94-D814-4F02-AAF4-46AD65E7BE9E}.Release|x86.ActiveCfg = Release|Any CPU
		{D6221D94-D814-4F02-AAF4-46AD65E7BE9E}.Release|x86.Build.0 = Release|Any CPU
	EndGlobalSection
	GlobalSection(SolutionProperties) = preSolution
		HideSolutionNode = FALSE
	EndGlobalSection
	GlobalSection(ExtensibilityGlobals) = postSolution
		SolutionGuid = {6A851A28-BCC3-4EA6-9F8E-B3E2CC1A53A7}
	EndGlobalSection
EndGlobal
